{
  "name": "DataBindingTutorial",
  "version": "1.0.0",
  "lockfileVersion": 2,
  "requires": true,
  "packages": {
    "": {
      "name": "DataBindingTutorial",
      "version": "1.0.0",
      "dependencies": {
        "@openui5/sap.m": "^1",
        "@openui5/sap.ui.core": "^1",
        "@openui5/sap.ui.layout": "^1",
        "@openui5/themelib_sap_belize": "^1"
      }
    },
    "node_modules/@openui5/sap.m": {
      "version": "1.106.0",
      "resolved": "https://registry.npmjs.org/@openui5/sap.m/-/sap.m-1.106.0.tgz",
      "integrity": "sha512-FSseZ40N9q+6AIUSt65xZR6jv8TAfrsCbYSJ8p41qpoMAsRwgA5nrKg+W6W8yKMbkaDXiCl/zuUAdFdvr02jgQ==",
      "dependencies": {
        "@openui5/sap.ui.core": "1.106.0",
        "@openui5/sap.ui.layout": "1.106.0",
        "@openui5/sap.ui.unified": "1.106.0"
      }
    },
    "node_modules/@openui5/sap.ui.core": {
      "version": "1.106.0",
      "resolved": "https://registry.npmjs.org/@openui5/sap.ui.core/-/sap.ui.core-1.106.0.tgz",
      "integrity": "sha512-Rx6V8eR0VzsqKPAW2CJbEkfLgbYn/thi8/vO+TRJ6RNKAXXnnGwwM0WnCQc9B5Htf11gv5MRgpwbRuhK9Vv32w=="
    },
    "node_modules/@openui5/sap.ui.layout": {
      "version": "1.106.0",
      "resolved": "https://registry.npmjs.org/@openui5/sap.ui.layout/-/sap.ui.layout-1.106.0.tgz",
      "integrity": "sha512-P4+SoB8eG5BgI7EX60KVtMYaAjC9YoNMMcs7HByV/i91zSZxoyxpa5wO1a9lYZeXYQenerksDSMc7Pee/hjYwA==",
      "dependencies": {
        "@openui5/sap.ui.core": "1.106.0"
      }
    },
    "node_modules/@openui5/sap.ui.unified": {
      "version": "1.106.0",
      "resolved": "https://registry.npmjs.org/@openui5/sap.ui.unified/-/sap.ui.unified-1.106.0.tgz",
      "integrity": "sha512-ojOOZqx90wDfnB7Ys61eOT22Sb+ScilADCt9xJHDpnkQ6LsToCmtOKrHhtdOnIS1EmFj0j8Ppt/s4JeCcwGhBA==",
      "dependencies": {
        "@openui5/sap.ui.core": "1.106.0"
      }
    },
    "node_modules/@openui5/themelib_sap_belize": {
      "version": "1.106.0",
      "resolved": "https://registry.npmjs.org/@openui5/themelib_sap_belize/-/themelib_sap_belize-1.106.0.tgz",
      "integrity": "sha512-/3ondHAOTXMG1YgaoC9Ov413JobeYPI9xzlZ3GVRrdg57U3Cn9fReniH/gQFXnEKT23Bpe9pnPGQM3tUtih9zw=="
    }
  },
  "dependencies": {
    "@openui5/sap.m": {
      "version": "1.106.0",
      "resolved": "https://registry.npmjs.org/@openui5/sap.m/-/sap.m-1.106.0.tgz",
      "integrity": "sha512-FSseZ40N9q+6AIUSt65xZR6jv8TAfrsCbYSJ8p41qpoMAsRwgA5nrKg+W6W8yKMbkaDXiCl/zuUAdFdvr02jgQ==",
      "requires": {
        "@openui5/sap.ui.core": "1.106.0",
        "@openui5/sap.ui.layout": "1.106.0",
        "@openui5/sap.ui.unified": "1.106.0"
      }
    },
    "@openui5/sap.ui.core": {
      "version": "1.106.0",
      "resolved": "https://registry.npmjs.org/@openui5/sap.ui.core/-/sap.ui.core-1.106.0.tgz",
      "integrity": "sha512-Rx6V8eR0VzsqKPAW2CJbEkfLgbYn/thi8/vO+TRJ6RNKAXXnnGwwM0WnCQc9B5Htf11gv5MRgpwbRuhK9Vv32w=="
    },
    "@openui5/sap.ui.layout": {
      "version": "1.106.0",
      "resolved": "https://registry.npmjs.org/@openui5/sap.ui.layout/-/sap.ui.layout-1.106.0.tgz",
      "integrity": "sha512-P4+SoB8eG5BgI7EX60KVtMYaAjC9YoNMMcs7HByV/i91zSZxoyxpa5wO1a9lYZeXYQenerksDSMc7Pee/hjYwA==",
      "requires": {
        "@openui5/sap.ui.core": "1.106.0"
      }
    },
    "@openui5/sap.ui.unified": {
      "version": "1.106.0",
      "resolved": "https://registry.npmjs.org/@openui5/sap.ui.unified/-/sap.ui.unified-1.106.0.tgz",
      "integrity": "sha512-ojOOZqx90wDfnB7Ys61eOT22Sb+ScilADCt9xJHDpnkQ6LsToCmtOKrHhtdOnIS1EmFj0j8Ppt/s4JeCcwGhBA==",
      "requires": {
        "@openui5/sap.ui.core": "1.106.0"
      }
    },
    "@openui5/themelib_sap_belize": {
      "version": "1.106.0",
      "resolved": "https://registry.npmjs.org/@openui5/themelib_sap_belize/-/themelib_sap_belize-1.106.0.tgz",
      "integrity": "sha512-/3ondHAOTXMG1YgaoC9Ov413JobeYPI9xzlZ3GVRrdg57U3Cn9fReniH/gQFXnEKT23Bpe9pnPGQM3tUtih9zw=="
    }
  }
}
